[{<<"goldrush">>,
  {git,"git://github.com/DeadZen/goldrush.git",
       {ref,"212299233c7e7eb63a97be2777e1c05ebaa58dbe"}},
  1},
 {<<"lager">>,
  {git,"https://github.com/basho/lager.git",
       {ref,"8187757388c9adc915379caaab36a2f2ca26e944"}},
  0},
 {<<"p1_mysql">>,
  {git,"https://github.com/kleeen/p1_mysql.git",
       {ref,"a342d36c46f4bf188175e2f4ed21d69f3b01a182"}},
  0},
 {<<"p1_pgsql">>,
  {git,"https://github.com/kleeen/p1_pgsql.git",
       {ref,"b68b4a0e966f4ae44c0001314b504f5f59ae1953"}},
  0}].
